
Microsoft Visual Studio Solution File, Format Version 12.00
# Visual Studio 15
VisualStudioVersion = 15.0.28010.2026
MinimumVisualStudioVersion = 10.0.40219.1
Project("{8BC9CEB8-8B4A-11D0-8D11-00A0C91BC942}") = "Strassen'sMatrixAlgorithm", "Strassen'sMatrixAlgorithm\Strassen'sMatrixAlgorithm.vcxproj", "{975BEB60-75D4-4317-9316-C67412256556}"
EndProject
Global
	GlobalSection(SolutionConfigurationPlatforms) = preSolution
		Debug|x64 = Debug|x64
		Debug|x86 = Debug|x86
		Release|x64 = Release|x64
		Release|x86 = Release|x86
	EndGlobalSection
	GlobalSection(ProjectConfigurationPlatforms) = postSolution
		{975BEB60-75D4-4317-9316-C67412256556}.Debug|x64.ActiveCfg = Debug|x64
		{975BEB60-75D4-4317-9316-C67412256556}.Debug|x64.Build.0 = Debug|x64
		{975BEB60-75D4-4317-9316-C67412256556}.Debug|x86.ActiveCfg = Debug|Win32
		{975BEB60-75D4-4317-9316-C67412256556}.Debug|x86.Build.0 = Debug|Win32
		{975BEB60-75D4-4317-9316-C67412256556}.Release|x64.ActiveCfg = Release|x64
		{975BEB60-75D4-4317-9316-C67412256556}.Release|x64.Build.0 = Release|x64
		{975BEB60-75D4-4317-9316-C67412256556}.Release|x86.ActiveCfg = Release|Win32
		{975BEB60-75D4-4317-9316-C67412256556}.Release|x86.Build.0 = Release|Win32
	EndGlobalSection
	GlobalSection(SolutionProperties) = preSolution
		HideSolutionNode = FALSE
	EndGlobalSection
	GlobalSection(ExtensibilityGlobals) = postSolution
		SolutionGuid = {D94C1CB5-EF05-4B0C-ACB8-BF3050D3ED62}
	EndGlobalSection
EndGlobal
